
Microsoft Visual Studio Solution File, Format Version 12.00
# Visual Studio Express 2012 for Windows Desktop
Project("{FAE04EC0-301F-11D3-BF4B-00C04F79EFBC}") = "GrabadorSonido", "GrabadorSonido\GrabadorSonido.csproj", "{97473104-18B3-4BB2-89EB-4DCCD57FBFC5}"
EndProject
Global
	GlobalSection(SolutionConfigurationPlatforms) = preSolution
		Debug|Any CPU = Debug|Any CPU
		Release|Any CPU = Release|Any CPU
	EndGlobalSection
	GlobalSection(ProjectConfigurationPlatforms) = postSolution
		{97473104-18B3-4BB2-89EB-4DCCD57FBFC5}.Debug|Any CPU.ActiveCfg = Debug|Any CPU
		{97473104-18B3-4BB2-89EB-4DCCD57FBFC5}.Debug|Any CPU.Build.0 = Debug|Any CPU
		{97473104-18B3-4BB2-89EB-4DCCD57FBFC5}.Release|Any CPU.ActiveCfg = Release|Any CPU
		{97473104-18B3-4BB2-89EB-4DCCD57FBFC5}.Release|Any CPU.Build.0 = Release|Any CPU
	EndGlobalSection
	GlobalSection(SolutionProperties) = preSolution
		HideSolutionNode = FALSE
	EndGlobalSection
EndGlobal
